{
  "name": "mqtt-ha4us",
  "version": "0.0.2",
  "lockfileVersion": 1,
  "dependencies": {
    "@types/node": {
      "version": "7.0.33",
      "resolved": "https://registry.npmjs.org/@types/node/-/node-7.0.33.tgz",
      "integrity": "sha512-8fVvl6Yyk3jZvSYxRMS9/AmZJ5RXCOP9N4xSlykyBViVESu751pxHYTN14Embn1Fem78YwEHdC7p7KGQQpwunw==",
      "dev": true
    },
    "tslib": {
      "version": "1.7.1",
      "resolved": "https://registry.npmjs.org/tslib/-/tslib-1.7.1.tgz",
      "integrity": "sha1-vIAEFkaRkjp5/oN4u+s9ogF1OOw="
    },
    "typescript": {
      "version": "2.4.1",
      "resolved": "https://registry.npmjs.org/typescript/-/typescript-2.4.1.tgz",
      "integrity": "sha1-w8yxbdqgsjFN4DHn5v7onlujRrw=",
      "dev": true
    },
    "typescript-starter": {
      "version": "1.4.1",
      "resolved": "https://registry.npmjs.org/typescript-starter/-/typescript-starter-1.4.1.tgz",
      "integrity": "sha512-fus/knXJhCHp4SFpAW0Ni6LLFB7rybH1KtVxWT9W4ENpVUD+KEFPFu2Lf/i2xagoDt97zNEmVACwbSlNiRWnxw=="
    }
  }
}
